
Microsoft Visual Studio Solution File, Format Version 12.00
# Visual Studio Version 17
VisualStudioVersion = 17.4.33110.190
MinimumVisualStudioVersion = 10.0.40219.1
Project("{9A19103F-16F7-4668-BE54-9A1E7A4F7556}") = "stackEx21_11Shahar", "stackEx21_11Shahar\stackEx21_11Shahar.csproj", "{391EB41A-1E82-4056-9773-15D92978C739}"
EndProject
Project("{FAE04EC0-301F-11D3-BF4B-00C04F79EFBC}") = "stackAsArray", "stackAsArray\stackAsArray.csproj", "{8B8E7968-ED7D-4747-A8B3-C20C3908732A}"
EndProject
Project("{FAE04EC0-301F-11D3-BF4B-00C04F79EFBC}") = "abstractDemoShahar", "abstractDemoShahar\abstractDemoShahar.csproj", "{B3C47E53-455E-4885-8071-EE7C754DBA1D}"
EndProject
Global
	GlobalSection(SolutionConfigurationPlatforms) = preSolution
		Debug|Any CPU = Debug|Any CPU
		Release|Any CPU = Release|Any CPU
	EndGlobalSection
	GlobalSection(ProjectConfigurationPlatforms) = postSolution
		{391EB41A-1E82-4056-9773-15D92978C739}.Debug|Any CPU.ActiveCfg = Debug|Any CPU
		{391EB41A-1E82-4056-9773-15D92978C739}.Debug|Any CPU.Build.0 = Debug|Any CPU
		{391EB41A-1E82-4056-9773-15D92978C739}.Release|Any CPU.ActiveCfg = Release|Any CPU
		{391EB41A-1E82-4056-9773-15D92978C739}.Release|Any CPU.Build.0 = Release|Any CPU
		{8B8E7968-ED7D-4747-A8B3-C20C3908732A}.Debug|Any CPU.ActiveCfg = Debug|Any CPU
		{8B8E7968-ED7D-4747-A8B3-C20C3908732A}.Debug|Any CPU.Build.0 = Debug|Any CPU
		{8B8E7968-ED7D-4747-A8B3-C20C3908732A}.Release|Any CPU.ActiveCfg = Release|Any CPU
		{8B8E7968-ED7D-4747-A8B3-C20C3908732A}.Release|Any CPU.Build.0 = Release|Any CPU
		{B3C47E53-455E-4885-8071-EE7C754DBA1D}.Debug|Any CPU.ActiveCfg = Debug|Any CPU
		{B3C47E53-455E-4885-8071-EE7C754DBA1D}.Debug|Any CPU.Build.0 = Debug|Any CPU
		{B3C47E53-455E-4885-8071-EE7C754DBA1D}.Release|Any CPU.ActiveCfg = Release|Any CPU
		{B3C47E53-455E-4885-8071-EE7C754DBA1D}.Release|Any CPU.Build.0 = Release|Any CPU
	EndGlobalSection
	GlobalSection(SolutionProperties) = preSolution
		HideSolutionNode = FALSE
	EndGlobalSection
	GlobalSection(ExtensibilityGlobals) = postSolution
		SolutionGuid = {2121993E-7CF6-4852-9318-C60A66D01FDF}
	EndGlobalSection
EndGlobal
